
Microsoft Visual Studio Solution File, Format Version 12.00
# Visual Studio 2012
Project("{FAE04EC0-301F-11D3-BF4B-00C04F79EFBC}") = "open3mod", "open3mod\open3mod.csproj", "{8E5A024D-A941-4A4E-B2F9-A97D7CBCE0E9}"
EndProject
Project("{FAE04EC0-301F-11D3-BF4B-00C04F79EFBC}") = "AssimpNet", "libs\assimp-net\AssimpNet\AssimpNet.csproj", "{3415FF29-C0BE-44FC-AD34-94796118E690}"
	ProjectSection(ProjectDependencies) = postProject
		{EA4EF0BE-B8A9-4149-8B5A-7E353AD628C0} = {EA4EF0BE-B8A9-4149-8B5A-7E353AD628C0}
	EndProjectSection
EndProject
Project("{FAE04EC0-301F-11D3-BF4B-00C04F79EFBC}") = "DevILNet", "libs\devil-net\DevILNet\DevILNet.csproj", "{578FD0D9-41AA-4FA4-8D9B-4021978FA48D}"
EndProject
Project("{FAE04EC0-301F-11D3-BF4B-00C04F79EFBC}") = "AssimpNet.Interop.Generator", "libs\assimp-net\AssimpNet.Interop.Generator\AssimpNet.Interop.Generator.csproj", "{EA4EF0BE-B8A9-4149-8B5A-7E353AD628C0}"
EndProject
Project("{6141683F-8A12-4E36-9623-2EB02B2C2303}") = "Setup", "setup\Setup.isproj", "{8C0EC66F-2A43-4471-B3DE-07767112CA63}"
EndProject
Global
	GlobalSection(SolutionConfigurationPlatforms) = preSolution
		CD_ROM|Any CPU = CD_ROM|Any CPU
		CD_ROM|Mixed Platforms = CD_ROM|Mixed Platforms
		CD_ROM|x64 = CD_ROM|x64
		CD_ROM|x86 = CD_ROM|x86
		Debug|Any CPU = Debug|Any CPU
		Debug|Mixed Platforms = Debug|Mixed Platforms
		Debug|x64 = Debug|x64
		Debug|x86 = Debug|x86
		DVD-5|Any CPU = DVD-5|Any CPU
		DVD-5|Mixed Platforms = DVD-5|Mixed Platforms
		DVD-5|x64 = DVD-5|x64
		DVD-5|x86 = DVD-5|x86
		Net20-Debug|Any CPU = Net20-Debug|Any CPU
		Net20-Debug|Mixed Platforms = Net20-Debug|Mixed Platforms
		Net20-Debug|x64 = Net20-Debug|x64
		Net20-Debug|x86 = Net20-Debug|x86
		Net20-Release|Any CPU = Net20-Release|Any CPU
		Net20-Release|Mixed Platforms = Net20-Release|Mixed Platforms
		Net20-Release|x64 = Net20-Release|x64
		Net20-Release|x86 = Net20-Release|x86
		Net45-Debug|Any CPU = Net45-Debug|Any CPU
		Net45-Debug|Mixed Platforms = Net45-Debug|Mixed Platforms
		Net45-Debug|x64 = Net45-Debug|x64
		Net45-Debug|x86 = Net45-Debug|x86
		Net45-Release|Any CPU = Net45-Release|Any CPU
		Net45-Release|Mixed Platforms = Net45-Release|Mixed Platforms
		Net45-Release|x64 = Net45-Release|x64
		Net45-Release|x86 = Net45-Release|x86
		Release|Any CPU = Release|Any CPU
		Release|Mixed Platforms = Release|Mixed Platforms
		Release|x64 = Release|x64
		Release|x86 = Release|x86
		SingleImage|Any CPU = SingleImage|Any CPU
		SingleImage|Mixed Platforms = SingleImage|Mixed Platforms
		SingleImage|x64 = SingleImage|x64
		SingleImage|x86 = SingleImage|x86
	EndGlobalSection
	GlobalSection(ProjectConfigurationPlatforms) = postSolution
		{8E5A024D-A941-4A4E-B2F9-A97D7CBCE0E9}.CD_ROM|Any CPU.ActiveCfg = Release|Any CPU
		{8E5A024D-A941-4A4E-B2F9-A97D7CBCE0E9}.CD_ROM|Any CPU.Build.0 = Release|Any CPU
		{8E5A024D-A941-4A4E-B2F9-A97D7CBCE0E9}.CD_ROM|Mixed Platforms.ActiveCfg = Release|Any CPU
		{8E5A024D-A941-4A4E-B2F9-A97D7CBCE0E9}.CD_ROM|Mixed Platforms.Build.0 = Release|Any CPU
		{8E5A024D-A941-4A4E-B2F9-A97D7CBCE0E9}.CD_ROM|x64.ActiveCfg = Release|Any CPU
		{8E5A024D-A941-4A4E-B2F9-A97D7CBCE0E9}.CD_ROM|x86.ActiveCfg = Release|Any CPU
		{8E5A024D-A941-4A4E-B2F9-A97D7CBCE0E9}.Debug|Any CPU.ActiveCfg = Debug|Any CPU
		{8E5A024D-A941-4A4E-B2F9-A97D7CBCE0E9}.Debug|Any CPU.Build.0 = Debug|Any CPU
		{8E5A024D-A941-4A4E-B2F9-A97D7CBCE0E9}.Debug|Mixed Platforms.ActiveCfg = Debug|Any CPU
		{8E5A024D-A941-4A4E-B2F9-A97D7CBCE0E9}.Debug|Mixed Platforms.Build.0 = Debug|Any CPU
		{8E5A024D-A941-4A4E-B2F9-A97D7CBCE0E9}.Debug|x64.ActiveCfg = Debug|Any CPU
		{8E5A024D-A941-4A4E-B2F9-A97D7CBCE0E9}.Debug|x86.ActiveCfg = Debug|Any CPU
		{8E5A024D-A941-4A4E-B2F9-A97D7CBCE0E9}.DVD-5|Any CPU.ActiveCfg = Debug|Any CPU
		{8E5A024D-A941-4A4E-B2F9-A97D7CBCE0E9}.DVD-5|Any CPU.Build.0 = Debug|Any CPU
		{8E5A024D-A941-4A4E-B2F9-A97D7CBCE0E9}.DVD-5|Mixed Platforms.ActiveCfg = Debug|Any CPU
		{8E5A024D-A941-4A4E-B2F9-A97D7CBCE0E9}.DVD-5|Mixed Platforms.Build.0 = Debug|Any CPU
		{8E5A024D-A941-4A4E-B2F9-A97D7CBCE0E9}.DVD-5|x64.ActiveCfg = Debug|Any CPU
		{8E5A024D-A941-4A4E-B2F9-A97D7CBCE0E9}.DVD-5|x86.ActiveCfg = Debug|Any CPU
		{8E5A024D-A941-4A4E-B2F9-A97D7CBCE0E9}.Net20-Debug|Any CPU.ActiveCfg = Debug|Any CPU
		{8E5A024D-A941-4A4E-B2F9-A97D7CBCE0E9}.Net20-Debug|Any CPU.Build.0 = Debug|Any CPU
		{8E5A024D-A941-4A4E-B2F9-A97D7CBCE0E9}.Net20-Debug|Mixed Platforms.ActiveCfg = Debug|Any CPU
		{8E5A024D-A941-4A4E-B2F9-A97D7CBCE0E9}.Net20-Debug|Mixed Platforms.Build.0 = Debug|Any CPU
		{8E5A024D-A941-4A4E-B2F9-A97D7CBCE0E9}.Net20-Debug|x64.ActiveCfg = Debug|Any CPU
		{8E5A024D-A941-4A4E-B2F9-A97D7CBCE0E9}.Net20-Debug|x86.ActiveCfg = Debug|Any CPU
		{8E5A024D-A941-4A4E-B2F9-A97D7CBCE0E9}.Net20-Release|Any CPU.ActiveCfg = Release|Any CPU
		{8E5A024D-A941-4A4E-B2F9-A97D7CBCE0E9}.Net20-Release|Any CPU.Build.0 = Release|Any CPU
		{8E5A024D-A941-4A4E-B2F9-A97D7CBCE0E9}.Net20-Release|Mixed Platforms.ActiveCfg = Release|Any CPU
		{8E5A024D-A941-4A4E-B2F9-A97D7CBCE0E9}.Net20-Release|Mixed Platforms.Build.0 = Release|Any CPU
		{8E5A024D-A941-4A4E-B2F9-A97D7CBCE0E9}.Net20-Release|x64.ActiveCfg = Release|Any CPU
		{8E5A024D-A941-4A4E-B2F9-A97D7CBCE0E9}.Net20-Release|x86.ActiveCfg = Release|Any CPU
		{8E5A024D-A941-4A4E-B2F9-A97D7CBCE0E9}.Net45-Debug|Any CPU.ActiveCfg = Debug|Any CPU
		{8E5A024D-A941-4A4E-B2F9-A97D7CBCE0E9}.Net45-Debug|Any CPU.Build.0 = Debug|Any CPU
		{8E5A024D-A941-4A4E-B2F9-A97D7CBCE0E9}.Net45-Debug|Mixed Platforms.ActiveCfg = Debug|Any CPU
		{8E5A024D-A941-4A4E-B2F9-A97D7CBCE0E9}.Net45-Debug|Mixed Platforms.Build.0 = Debug|Any CPU
		{8E5A024D-A941-4A4E-B2F9-A97D7CBCE0E9}.Net45-Debug|x64.ActiveCfg = Debug|Any CPU
		{8E5A024D-A941-4A4E-B2F9-A97D7CBCE0E9}.Net45-Debug|x86.ActiveCfg = Debug|Any CPU
		{8E5A024D-A941-4A4E-B2F9-A97D7CBCE0E9}.Net45-Release|Any CPU.ActiveCfg = Release|Any CPU
		{8E5A024D-A941-4A4E-B2F9-A97D7CBCE0E9}.Net45-Release|Any CPU.Build.0 = Release|Any CPU
		{8E5A024D-A941-4A4E-B2F9-A97D7CBCE0E9}.Net45-Release|Mixed Platforms.ActiveCfg = Release|Any CPU
		{8E5A024D-A941-4A4E-B2F9-A97D7CBCE0E9}.Net45-Release|Mixed Platforms.Build.0 = Release|Any CPU
		{8E5A024D-A941-4A4E-B2F9-A97D7CBCE0E9}.Net45-Release|x64.ActiveCfg = Release|Any CPU
		{8E5A024D-A941-4A4E-B2F9-A97D7CBCE0E9}.Net45-Release|x86.ActiveCfg = Release|Any CPU
		{8E5A024D-A941-4A4E-B2F9-A97D7CBCE0E9}.Release|Any CPU.ActiveCfg = Release|Any CPU
		{8E5A024D-A941-4A4E-B2F9-A97D7CBCE0E9}.Release|Any CPU.Build.0 = Release|Any CPU
		{8E5A024D-A941-4A4E-B2F9-A97D7CBCE0E9}.Release|Mixed Platforms.ActiveCfg = Release|Any CPU
		{8E5A024D-A941-4A4E-B2F9-A97D7CBCE0E9}.Release|Mixed Platforms.Build.0 = Release|Any CPU
		{8E5A024D-A941-4A4E-B2F9-A97D7CBCE0E9}.Release|x64.ActiveCfg = Release|Any CPU
		{8E5A024D-A941-4A4E-B2F9-A97D7CBCE0E9}.Release|x86.ActiveCfg = Release|Any CPU
		{8E5A024D-A941-4A4E-B2F9-A97D7CBCE0E9}.SingleImage|Any CPU.ActiveCfg = Release|Any CPU
		{8E5A024D-A941-4A4E-B2F9-A97D7CBCE0E9}.SingleImage|Any CPU.Build.0 = Release|Any CPU
		{8E5A024D-A941-4A4E-B2F9-A97D7CBCE0E9}.SingleImage|Mixed Platforms.ActiveCfg = Release|Any CPU
		{8E5A024D-A941-4A4E-B2F9-A97D7CBCE0E9}.SingleImage|Mixed Platforms.Build.0 = Release|Any CPU
		{8E5A024D-A941-4A4E-B2F9-A97D7CBCE0E9}.SingleImage|x64.ActiveCfg = Release|Any CPU
		{8E5A024D-A941-4A4E-B2F9-A97D7CBCE0E9}.SingleImage|x86.ActiveCfg = Release|Any CPU
		{3415FF29-C0BE-44FC-AD34-94796118E690}.CD_ROM|Any CPU.ActiveCfg = Net45-Release|Any CPU
		{3415FF29-C0BE-44FC-AD34-94796118E690}.CD_ROM|Any CPU.Build.0 = Net45-Release|Any CPU
		{3415FF29-C0BE-44FC-AD34-94796118E690}.CD_ROM|Mixed Platforms.ActiveCfg = Net45-Release|Any CPU
		{3415FF29-C0BE-44FC-AD34-94796118E690}.CD_ROM|Mixed Platforms.Build.0 = Net45-Release|Any CPU
		{3415FF29-C0BE-44FC-AD34-94796118E690}.CD_ROM|x64.ActiveCfg = Net45-Release|Any CPU
		{3415FF29-C0BE-44FC-AD34-94796118E690}.CD_ROM|x86.ActiveCfg = Net45-Release|Any CPU
		{3415FF29-C0BE-44FC-AD34-94796118E690}.Debug|Any CPU.ActiveCfg = Net45-Debug|Any CPU
		{3415FF29-C0BE-44FC-AD34-94796118E690}.Debug|Any CPU.Build.0 = Net45-Debug|Any CPU
		{3415FF29-C0BE-44FC-AD34-94796118E690}.Debug|Mixed Platforms.ActiveCfg = Net45-Debug|Any CPU
		{3415FF29-C0BE-44FC-AD34-94796118E690}.Debug|Mixed Platforms.Build.0 = Net45-Debug|Any CPU
		{3415FF29-C0BE-44FC-AD34-94796118E690}.Debug|x64.ActiveCfg = Net45-Debug|Any CPU
		{3415FF29-C0BE-44FC-AD34-94796118E690}.Debug|x86.ActiveCfg = Net45-Debug|Any CPU
		{3415FF29-C0BE-44FC-AD34-94796118E690}.DVD-5|Any CPU.ActiveCfg = Net45-Release|Any CPU
		{3415FF29-C0BE-44FC-AD34-94796118E690}.DVD-5|Any CPU.Build.0 = Net45-Release|Any CPU
		{3415FF29-C0BE-44FC-AD34-94796118E690}.DVD-5|Mixed Platforms.ActiveCfg = Net45-Release|Any CPU
		{3415FF29-C0BE-44FC-AD34-94796118E690}.DVD-5|Mixed Platforms.Build.0 = Net45-Release|Any CPU
		{3415FF29-C0BE-44FC-AD34-94796118E690}.DVD-5|x64.ActiveCfg = Net45-Release|Any CPU
		{3415FF29-C0BE-44FC-AD34-94796118E690}.DVD-5|x86.ActiveCfg = Net45-Release|Any CPU
		{3415FF29-C0BE-44FC-AD34-94796118E690}.Net20-Debug|Any CPU.ActiveCfg = Net20-Debug|Any CPU
		{3415FF29-C0BE-44FC-AD34-94796118E690}.Net20-Debug|Any CPU.Build.0 = Net20-Debug|Any CPU
		{3415FF29-C0BE-44FC-AD34-94796118E690}.Net20-Debug|Mixed Platforms.ActiveCfg = Net20-Debug|Any CPU
		{3415FF29-C0BE-44FC-AD34-94796118E690}.Net20-Debug|Mixed Platforms.Build.0 = Net20-Debug|Any CPU
		{3415FF29-C0BE-44FC-AD34-94796118E690}.Net20-Debug|x64.ActiveCfg = Net20-Debug|Any CPU
		{3415FF29-C0BE-44FC-AD34-94796118E690}.Net20-Debug|x86.ActiveCfg = Net20-Debug|Any CPU
		{3415FF29-C0BE-44FC-AD34-94796118E690}.Net20-Release|Any CPU.ActiveCfg = Net20-Release|Any CPU
		{3415FF29-C0BE-44FC-AD34-94796118E690}.Net20-Release|Any CPU.Build.0 = Net20-Release|Any CPU
		{3415FF29-C0BE-44FC-AD34-94796118E690}.Net20-Release|Mixed Platforms.ActiveCfg = Net20-Release|Any CPU
		{3415FF29-C0BE-44FC-AD34-94796118E690}.Net20-Release|Mixed Platforms.Build.0 = Net20-Release|Any CPU
		{3415FF29-C0BE-44FC-AD34-94796118E690}.Net20-Release|x64.ActiveCfg = Net20-Release|Any CPU
		{3415FF29-C0BE-44FC-AD34-94796118E690}.Net20-Release|x86.ActiveCfg = Net20-Release|Any CPU
		{3415FF29-C0BE-44FC-AD34-94796118E690}.Net45-Debug|Any CPU.ActiveCfg = Net45-Debug|Any CPU
		{3415FF29-C0BE-44FC-AD34-94796118E690}.Net45-Debug|Any CPU.Build.0 = Net45-Debug|Any CPU
		{3415FF29-C0BE-44FC-AD34-94796118E690}.Net45-Debug|Mixed Platforms.ActiveCfg = Net45-Debug|Any CPU
		{3415FF29-C0BE-44FC-AD34-94796118E690}.Net45-Debug|Mixed Platforms.Build.0 = Net45-Debug|Any CPU
		{3415FF29-C0BE-44FC-AD34-94796118E690}.Net45-Debug|x64.ActiveCfg = Net45-Debug|Any CPU
		{3415FF29-C0BE-44FC-AD34-94796118E690}.Net45-Debug|x86.ActiveCfg = Net45-Debug|Any CPU
		{3415FF29-C0BE-44FC-AD34-94796118E690}.Net45-Release|Any CPU.ActiveCfg = Net45-Release|Any CPU
		{3415FF29-C0BE-44FC-AD34-94796118E690}.Net45-Release|Any CPU.Build.0 = Net45-Release|Any CPU
		{3415FF29-C0BE-44FC-AD34-94796118E690}.Net45-Release|Mixed Platforms.ActiveCfg = Net45-Release|Any CPU
		{3415FF29-C0BE-44FC-AD34-94796118E690}.Net45-Release|Mixed Platforms.Build.0 = Net45-Release|Any CPU
		{3415FF29-C0BE-44FC-AD34-94796118E690}.Net45-Release|x64.ActiveCfg = Net45-Release|Any CPU
		{3415FF29-C0BE-44FC-AD34-94796118E690}.Net45-Release|x86.ActiveCfg = Net45-Release|Any CPU
		{3415FF29-C0BE-44FC-AD34-94796118E690}.Release|Any CPU.ActiveCfg = Net45-Release|Any CPU
		{3415FF29-C0BE-44FC-AD34-94796118E690}.Release|Any CPU.Build.0 = Net45-Release|Any CPU
		{3415FF29-C0BE-44FC-AD34-94796118E690}.Release|Mixed Platforms.ActiveCfg = Net45-Release|Any CPU
		{3415FF29-C0BE-44FC-AD34-94796118E690}.Release|Mixed Platforms.Build.0 = Net45-Release|Any CPU
		{3415FF29-C0BE-44FC-AD34-94796118E690}.Release|x64.ActiveCfg = Net45-Release|Any CPU
		{3415FF29-C0BE-44FC-AD34-94796118E690}.Release|x86.ActiveCfg = Net45-Release|Any CPU
		{3415FF29-C0BE-44FC-AD34-94796118E690}.SingleImage|Any CPU.ActiveCfg = Net45-Release|Any CPU
		{3415FF29-C0BE-44FC-AD34-94796118E690}.SingleImage|Any CPU.Build.0 = Net45-Release|Any CPU
		{3415FF29-C0BE-44FC-AD34-94796118E690}.SingleImage|Mixed Platforms.ActiveCfg = Net45-Release|Any CPU
		{3415FF29-C0BE-44FC-AD34-94796118E690}.SingleImage|Mixed Platforms.Build.0 = Net45-Release|Any CPU
		{3415FF29-C0BE-44FC-AD34-94796118E690}.SingleImage|x64.ActiveCfg = Net45-Release|Any CPU
		{3415FF29-C0BE-44FC-AD34-94796118E690}.SingleImage|x86.ActiveCfg = Net45-Release|Any CPU
		{578FD0D9-41AA-4FA4-8D9B-4021978FA48D}.CD_ROM|Any CPU.ActiveCfg = Release|x86
		{578FD0D9-41AA-4FA4-8D9B-4021978FA48D}.CD_ROM|Mixed Platforms.ActiveCfg = Release|x86
		{578FD0D9-41AA-4FA4-8D9B-4021978FA48D}.CD_ROM|Mixed Platforms.Build.0 = Release|x86
		{578FD0D9-41AA-4FA4-8D9B-4021978FA48D}.CD_ROM|x64.ActiveCfg = Release|x64
		{578FD0D9-41AA-4FA4-8D9B-4021978FA48D}.CD_ROM|x64.Build.0 = Release|x64
		{578FD0D9-41AA-4FA4-8D9B-4021978FA48D}.CD_ROM|x86.ActiveCfg = Release|x86
		{578FD0D9-41AA-4FA4-8D9B-4021978FA48D}.CD_ROM|x86.Build.0 = Release|x86
		{578FD0D9-41AA-4FA4-8D9B-4021978FA48D}.Debug|Any CPU.ActiveCfg = Debug|x86
		{578FD0D9-41AA-4FA4-8D9B-4021978FA48D}.Debug|Mixed Platforms.ActiveCfg = Debug|x86
		{578FD0D9-41AA-4FA4-8D9B-4021978FA48D}.Debug|Mixed Platforms.Build.0 = Debug|x86
		{578FD0D9-41AA-4FA4-8D9B-4021978FA48D}.Debug|x64.ActiveCfg = Debug|x64
		{578FD0D9-41AA-4FA4-8D9B-4021978FA48D}.Debug|x64.Build.0 = Debug|x64
		{578FD0D9-41AA-4FA4-8D9B-4021978FA48D}.Debug|x86.ActiveCfg = Debug|x86
		{578FD0D9-41AA-4FA4-8D9B-4021978FA48D}.Debug|x86.Build.0 = Debug|x86
		{578FD0D9-41AA-4FA4-8D9B-4021978FA48D}.DVD-5|Any CPU.ActiveCfg = Debug|x86
		{578FD0D9-41AA-4FA4-8D9B-4021978FA48D}.DVD-5|Mixed Platforms.ActiveCfg = Debug|x86
		{578FD0D9-41AA-4FA4-8D9B-4021978FA48D}.DVD-5|Mixed Platforms.Build.0 = Debug|x86
		{578FD0D9-41AA-4FA4-8D9B-4021978FA48D}.DVD-5|x64.ActiveCfg = Debug|x64
		{578FD0D9-41AA-4FA4-8D9B-4021978FA48D}.DVD-5|x64.Build.0 = Debug|x64
		{578FD0D9-41AA-4FA4-8D9B-4021978FA48D}.DVD-5|x86.ActiveCfg = Debug|x86
		{578FD0D9-41AA-4FA4-8D9B-4021978FA48D}.DVD-5|x86.Build.0 = Debug|x86
		{578FD0D9-41AA-4FA4-8D9B-4021978FA48D}.Net20-Debug|Any CPU.ActiveCfg = Debug|x86
		{578FD0D9-41AA-4FA4-8D9B-4021978FA48D}.Net20-Debug|Mixed Platforms.ActiveCfg = Debug|x86
		{578FD0D9-41AA-4FA4-8D9B-4021978FA48D}.Net20-Debug|Mixed Platforms.Build.0 = Debug|x86
		{578FD0D9-41AA-4FA4-8D9B-4021978FA48D}.Net20-Debug|x64.ActiveCfg = Debug|x64
		{578FD0D9-41AA-4FA4-8D9B-4021978FA48D}.Net20-Debug|x64.Build.0 = Debug|x64
		{578FD0D9-41AA-4FA4-8D9B-4021978FA48D}.Net20-Debug|x86.ActiveCfg = Debug|x86
		{578FD0D9-41AA-4FA4-8D9B-4021978FA48D}.Net20-Debug|x86.Build.0 = Debug|x86
		{578FD0D9-41AA-4FA4-8D9B-4021978FA48D}.Net20-Release|Any CPU.ActiveCfg = Release|x86
		{578FD0D9-41AA-4FA4-8D9B-4021978FA48D}.Net20-Release|Mixed Platforms.ActiveCfg = Release|x86
		{578FD0D9-41AA-4FA4-8D9B-4021978FA48D}.Net20-Release|Mixed Platforms.Build.0 = Release|x86
		{578FD0D9-41AA-4FA4-8D9B-4021978FA48D}.Net20-Release|x64.ActiveCfg = Release|x64
		{578FD0D9-41AA-4FA4-8D9B-4021978FA48D}.Net20-Release|x64.Build.0 = Release|x64
		{578FD0D9-41AA-4FA4-8D9B-4021978FA48D}.Net20-Release|x86.ActiveCfg = Release|x86
		{578FD0D9-41AA-4FA4-8D9B-4021978FA48D}.Net20-Release|x86.Build.0 = Release|x86
		{578FD0D9-41AA-4FA4-8D9B-4021978FA48D}.Net45-Debug|Any CPU.ActiveCfg = Debug|x86
		{578FD0D9-41AA-4FA4-8D9B-4021978FA48D}.Net45-Debug|Mixed Platforms.ActiveCfg = Debug|x86
		{578FD0D9-41AA-4FA4-8D9B-4021978FA48D}.Net45-Debug|Mixed Platforms.Build.0 = Debug|x86
		{578FD0D9-41AA-4FA4-8D9B-4021978FA48D}.Net45-Debug|x64.ActiveCfg = Debug|x64
		{578FD0D9-41AA-4FA4-8D9B-4021978FA48D}.Net45-Debug|x64.Build.0 = Debug|x64
		{578FD0D9-41AA-4FA4-8D9B-4021978FA48D}.Net45-Debug|x86.ActiveCfg = Debug|x86
		{578FD0D9-41AA-4FA4-8D9B-4021978FA48D}.Net45-Debug|x86.Build.0 = Debug|x86
		{578FD0D9-41AA-4FA4-8D9B-4021978FA48D}.Net45-Release|Any CPU.ActiveCfg = Release|x86
		{578FD0D9-41AA-4FA4-8D9B-4021978FA48D}.Net45-Release|Mixed Platforms.ActiveCfg = Release|x86
		{578FD0D9-41AA-4FA4-8D9B-4021978FA48D}.Net45-Release|Mixed Platforms.Build.0 = Release|x86
		{578FD0D9-41AA-4FA4-8D9B-4021978FA48D}.Net45-Release|x64.ActiveCfg = Release|x64
		{578FD0D9-41AA-4FA4-8D9B-4021978FA48D}.Net45-Release|x64.Build.0 = Release|x64
		{578FD0D9-41AA-4FA4-8D9B-4021978FA48D}.Net45-Release|x86.ActiveCfg = Release|x86
		{578FD0D9-41AA-4FA4-8D9B-4021978FA48D}.Net45-Release|x86.Build.0 = Release|x86
		{578FD0D9-41AA-4FA4-8D9B-4021978FA48D}.Release|Any CPU.ActiveCfg = Release|x86
		{578FD0D9-41AA-4FA4-8D9B-4021978FA48D}.Release|Mixed Platforms.ActiveCfg = Release|x86
		{578FD0D9-41AA-4FA4-8D9B-4021978FA48D}.Release|Mixed Platforms.Build.0 = Release|x86
		{578FD0D9-41AA-4FA4-8D9B-4021978FA48D}.Release|x64.ActiveCfg = Release|x64
		{578FD0D9-41AA-4FA4-8D9B-4021978FA48D}.Release|x64.Build.0 = Release|x64
		{578FD0D9-41AA-4FA4-8D9B-4021978FA48D}.Release|x86.ActiveCfg = Release|x86
		{578FD0D9-41AA-4FA4-8D9B-4021978FA48D}.Release|x86.Build.0 = Release|x86
		{578FD0D9-41AA-4FA4-8D9B-4021978FA48D}.SingleImage|Any CPU.ActiveCfg = Release|x86
		{578FD0D9-41AA-4FA4-8D9B-4021978FA48D}.SingleImage|Mixed Platforms.ActiveCfg = Release|x86
		{578FD0D9-41AA-4FA4-8D9B-4021978FA48D}.SingleImage|Mixed Platforms.Build.0 = Release|x86
		{578FD0D9-41AA-4FA4-8D9B-4021978FA48D}.SingleImage|x64.ActiveCfg = Release|x64
		{578FD0D9-41AA-4FA4-8D9B-4021978FA48D}.SingleImage|x64.Build.0 = Release|x64
		{578FD0D9-41AA-4FA4-8D9B-4021978FA48D}.SingleImage|x86.ActiveCfg = Release|x86
		{578FD0D9-41AA-4FA4-8D9B-4021978FA48D}.SingleImage|x86.Build.0 = Release|x86
		{EA4EF0BE-B8A9-4149-8B5A-7E353AD628C0}.CD_ROM|Any CPU.ActiveCfg = Net45-Release|Any CPU
		{EA4EF0BE-B8A9-4149-8B5A-7E353AD628C0}.CD_ROM|Any CPU.Build.0 = Net45-Release|Any CPU
		{EA4EF0BE-B8A9-4149-8B5A-7E353AD628C0}.CD_ROM|Mixed Platforms.ActiveCfg = Net45-Release|Any CPU
		{EA4EF0BE-B8A9-4149-8B5A-7E353AD628C0}.CD_ROM|Mixed Platforms.Build.0 = Net45-Release|Any CPU
		{EA4EF0BE-B8A9-4149-8B5A-7E353AD628C0}.CD_ROM|x64.ActiveCfg = Net45-Release|Any CPU
		{EA4EF0BE-B8A9-4149-8B5A-7E353AD628C0}.CD_ROM|x86.ActiveCfg = Net45-Release|Any CPU
		{EA4EF0BE-B8A9-4149-8B5A-7E353AD628C0}.Debug|Any CPU.ActiveCfg = Net45-Debug|Any CPU
		{EA4EF0BE-B8A9-4149-8B5A-7E353AD628C0}.Debug|Any CPU.Build.0 = Net45-Debug|Any CPU
		{EA4EF0BE-B8A9-4149-8B5A-7E353AD628C0}.Debug|Mixed Platforms.ActiveCfg = Net45-Debug|Any CPU
		{EA4EF0BE-B8A9-4149-8B5A-7E353AD628C0}.Debug|Mixed Platforms.Build.0 = Net45-Debug|Any CPU
		{EA4EF0BE-B8A9-4149-8B5A-7E353AD628C0}.Debug|x64.ActiveCfg = Net45-Debug|Any CPU
		{EA4EF0BE-B8A9-4149-8B5A-7E353AD628C0}.Debug|x86.ActiveCfg = Net45-Debug|Any CPU
		{EA4EF0BE-B8A9-4149-8B5A-7E353AD628C0}.DVD-5|Any CPU.ActiveCfg = Net45-Release|Any CPU
		{EA4EF0BE-B8A9-4149-8B5A-7E353AD628C0}.DVD-5|Any CPU.Build.0 = Net45-Release|Any CPU
		{EA4EF0BE-B8A9-4149-8B5A-7E353AD628C0}.DVD-5|Mixed Platforms.ActiveCfg = Net45-Release|Any CPU
		{EA4EF0BE-B8A9-4149-8B5A-7E353AD628C0}.DVD-5|Mixed Platforms.Build.0 = Net45-Release|Any CPU
		{EA4EF0BE-B8A9-4149-8B5A-7E353AD628C0}.DVD-5|x64.ActiveCfg = Net45-Release|Any CPU
		{EA4EF0BE-B8A9-4149-8B5A-7E353AD628C0}.DVD-5|x86.ActiveCfg = Net45-Release|Any CPU
		{EA4EF0BE-B8A9-4149-8B5A-7E353AD628C0}.Net20-Debug|Any CPU.ActiveCfg = Net20-Debug|Any CPU
		{EA4EF0BE-B8A9-4149-8B5A-7E353AD628C0}.Net20-Debug|Any CPU.Build.0 = Net20-Debug|Any CPU
		{EA4EF0BE-B8A9-4149-8B5A-7E353AD628C0}.Net20-Debug|Mixed Platforms.ActiveCfg = Net20-Debug|Any CPU
		{EA4EF0BE-B8A9-4149-8B5A-7E353AD628C0}.Net20-Debug|Mixed Platforms.Build.0 = Net20-Debug|Any CPU
		{EA4EF0BE-B8A9-4149-8B5A-7E353AD628C0}.Net20-Debug|x64.ActiveCfg = Net20-Debug|Any CPU
		{EA4EF0BE-B8A9-4149-8B5A-7E353AD628C0}.Net20-Debug|x86.ActiveCfg = Net20-Debug|Any CPU
		{EA4EF0BE-B8A9-4149-8B5A-7E353AD628C0}.Net20-Release|Any CPU.ActiveCfg = Net20-Release|Any CPU
		{EA4EF0BE-B8A9-4149-8B5A-7E353AD628C0}.Net20-Release|Any CPU.Build.0 = Net20-Release|Any CPU
		{EA4EF0BE-B8A9-4149-8B5A-7E353AD628C0}.Net20-Release|Mixed Platforms.ActiveCfg = Net20-Release|Any CPU
		{EA4EF0BE-B8A9-4149-8B5A-7E353AD628C0}.Net20-Release|Mixed Platforms.Build.0 = Net20-Release|Any CPU
		{EA4EF0BE-B8A9-4149-8B5A-7E353AD628C0}.Net20-Release|x64.ActiveCfg = Net20-Release|Any CPU
		{EA4EF0BE-B8A9-4149-8B5A-7E353AD628C0}.Net20-Release|x86.ActiveCfg = Net20-Release|Any CPU
		{EA4EF0BE-B8A9-4149-8B5A-7E353AD628C0}.Net45-Debug|Any CPU.ActiveCfg = Net45-Debug|Any CPU
		{EA4EF0BE-B8A9-4149-8B5A-7E353AD628C0}.Net45-Debug|Any CPU.Build.0 = Net45-Debug|Any CPU
		{EA4EF0BE-B8A9-4149-8B5A-7E353AD628C0}.Net45-Debug|Mixed Platforms.ActiveCfg = Net45-Debug|Any CPU
		{EA4EF0BE-B8A9-4149-8B5A-7E353AD628C0}.Net45-Debug|Mixed Platforms.Build.0 = Net45-Debug|Any CPU
		{EA4EF0BE-B8A9-4149-8B5A-7E353AD628C0}.Net45-Debug|x64.ActiveCfg = Net45-Debug|Any CPU
		{EA4EF0BE-B8A9-4149-8B5A-7E353AD628C0}.Net45-Debug|x86.ActiveCfg = Net45-Debug|Any CPU
		{EA4EF0BE-B8A9-4149-8B5A-7E353AD628C0}.Net45-Release|Any CPU.ActiveCfg = Net45-Release|Any CPU
		{EA4EF0BE-B8A9-4149-8B5A-7E353AD628C0}.Net45-Release|Any CPU.Build.0 = Net45-Release|Any CPU
		{EA4EF0BE-B8A9-4149-8B5A-7E353AD628C0}.Net45-Release|Mixed Platforms.ActiveCfg = Net45-Release|Any CPU
		{EA4EF0BE-B8A9-4149-8B5A-7E353AD628C0}.Net45-Release|Mixed Platforms.Build.0 = Net45-Release|Any CPU
		{EA4EF0BE-B8A9-4149-8B5A-7E353AD628C0}.Net45-Release|x64.ActiveCfg = Net45-Release|Any CPU
		{EA4EF0BE-B8A9-4149-8B5A-7E353AD628C0}.Net45-Release|x86.ActiveCfg = Net45-Release|Any CPU
		{EA4EF0BE-B8A9-4149-8B5A-7E353AD628C0}.Release|Any CPU.ActiveCfg = Net45-Release|Any CPU
		{EA4EF0BE-B8A9-4149-8B5A-7E353AD628C0}.Release|Any CPU.Build.0 = Net45-Release|Any CPU
		{EA4EF0BE-B8A9-4149-8B5A-7E353AD628C0}.Release|Mixed Platforms.ActiveCfg = Net45-Release|Any CPU
		{EA4EF0BE-B8A9-4149-8B5A-7E353AD628C0}.Release|Mixed Platforms.Build.0 = Net45-Release|Any CPU
		{EA4EF0BE-B8A9-4149-8B5A-7E353AD628C0}.Release|x64.ActiveCfg = Net45-Release|Any CPU
		{EA4EF0BE-B8A9-4149-8B5A-7E353AD628C0}.Release|x86.ActiveCfg = Net45-Release|Any CPU
		{EA4EF0BE-B8A9-4149-8B5A-7E353AD628C0}.SingleImage|Any CPU.ActiveCfg = Net45-Release|Any CPU
		{EA4EF0BE-B8A9-4149-8B5A-7E353AD628C0}.SingleImage|Any CPU.Build.0 = Net45-Release|Any CPU
		{EA4EF0BE-B8A9-4149-8B5A-7E353AD628C0}.SingleImage|Mixed Platforms.ActiveCfg = Net45-Release|Any CPU
		{EA4EF0BE-B8A9-4149-8B5A-7E353AD628C0}.SingleImage|Mixed Platforms.Build.0 = Net45-Release|Any CPU
		{EA4EF0BE-B8A9-4149-8B5A-7E353AD628C0}.SingleImage|x64.ActiveCfg = Net45-Release|Any CPU
		{EA4EF0BE-B8A9-4149-8B5A-7E353AD628C0}.SingleImage|x86.ActiveCfg = Net45-Release|Any CPU
		{8C0EC66F-2A43-4471-B3DE-07767112CA63}.CD_ROM|Any CPU.ActiveCfg = CD_ROM
		{8C0EC66F-2A43-4471-B3DE-07767112CA63}.CD_ROM|Any CPU.Build.0 = CD_ROM
		{8C0EC66F-2A43-4471-B3DE-07767112CA63}.CD_ROM|Mixed Platforms.ActiveCfg = CD_ROM
		{8C0EC66F-2A43-4471-B3DE-07767112CA63}.CD_ROM|Mixed Platforms.Build.0 = CD_ROM
		{8C0EC66F-2A43-4471-B3DE-07767112CA63}.CD_ROM|x64.ActiveCfg = CD_ROM
		{8C0EC66F-2A43-4471-B3DE-07767112CA63}.CD_ROM|x64.Build.0 = CD_ROM
		{8C0EC66F-2A43-4471-B3DE-07767112CA63}.CD_ROM|x86.ActiveCfg = CD_ROM
		{8C0EC66F-2A43-4471-B3DE-07767112CA63}.CD_ROM|x86.Build.0 = CD_ROM
		{8C0EC66F-2A43-4471-B3DE-07767112CA63}.Debug|Any CPU.ActiveCfg = DVD-5
		{8C0EC66F-2A43-4471-B3DE-07767112CA63}.Debug|Any CPU.Build.0 = DVD-5
		{8C0EC66F-2A43-4471-B3DE-07767112CA63}.Debug|Mixed Platforms.ActiveCfg = DVD-5
		{8C0EC66F-2A43-4471-B3DE-07767112CA63}.Debug|Mixed Platforms.Build.0 = DVD-5
		{8C0EC66F-2A43-4471-B3DE-07767112CA63}.Debug|x64.ActiveCfg = DVD-5
		{8C0EC66F-2A43-4471-B3DE-07767112CA63}.Debug|x64.Build.0 = DVD-5
		{8C0EC66F-2A43-4471-B3DE-07767112CA63}.Debug|x86.ActiveCfg = DVD-5
		{8C0EC66F-2A43-4471-B3DE-07767112CA63}.Debug|x86.Build.0 = DVD-5
		{8C0EC66F-2A43-4471-B3DE-07767112CA63}.DVD-5|Any CPU.ActiveCfg = DVD-5
		{8C0EC66F-2A43-4471-B3DE-07767112CA63}.DVD-5|Any CPU.Build.0 = DVD-5
		{8C0EC66F-2A43-4471-B3DE-07767112CA63}.DVD-5|Mixed Platforms.ActiveCfg = DVD-5
		{8C0EC66F-2A43-4471-B3DE-07767112CA63}.DVD-5|Mixed Platforms.Build.0 = DVD-5
		{8C0EC66F-2A43-4471-B3DE-07767112CA63}.DVD-5|x64.ActiveCfg = DVD-5
		{8C0EC66F-2A43-4471-B3DE-07767112CA63}.DVD-5|x64.Build.0 = DVD-5
		{8C0EC66F-2A43-4471-B3DE-07767112CA63}.DVD-5|x86.ActiveCfg = DVD-5
		{8C0EC66F-2A43-4471-B3DE-07767112CA63}.DVD-5|x86.Build.0 = DVD-5
		{8C0EC66F-2A43-4471-B3DE-07767112CA63}.Net20-Debug|Any CPU.ActiveCfg = SingleImage
		{8C0EC66F-2A43-4471-B3DE-07767112CA63}.Net20-Debug|Any CPU.Build.0 = SingleImage
		{8C0EC66F-2A43-4471-B3DE-07767112CA63}.Net20-Debug|Mixed Platforms.ActiveCfg = SingleImage
		{8C0EC66F-2A43-4471-B3DE-07767112CA63}.Net20-Debug|Mixed Platforms.Build.0 = SingleImage
		{8C0EC66F-2A43-4471-B3DE-07767112CA63}.Net20-Debug|x64.ActiveCfg = SingleImage
		{8C0EC66F-2A43-4471-B3DE-07767112CA63}.Net20-Debug|x64.Build.0 = SingleImage
		{8C0EC66F-2A43-4471-B3DE-07767112CA63}.Net20-Debug|x86.ActiveCfg = SingleImage
		{8C0EC66F-2A43-4471-B3DE-07767112CA63}.Net20-Debug|x86.Build.0 = SingleImage
		{8C0EC66F-2A43-4471-B3DE-07767112CA63}.Net20-Release|Any CPU.ActiveCfg = SingleImage
		{8C0EC66F-2A43-4471-B3DE-07767112CA63}.Net20-Release|Any CPU.Build.0 = SingleImage
		{8C0EC66F-2A43-4471-B3DE-07767112CA63}.Net20-Release|Mixed Platforms.ActiveCfg = SingleImage
		{8C0EC66F-2A43-4471-B3DE-07767112CA63}.Net20-Release|Mixed Platforms.Build.0 = SingleImage
		{8C0EC66F-2A43-4471-B3DE-07767112CA63}.Net20-Release|x64.ActiveCfg = SingleImage
		{8C0EC66F-2A43-4471-B3DE-07767112CA63}.Net20-Release|x64.Build.0 = SingleImage
		{8C0EC66F-2A43-4471-B3DE-07767112CA63}.Net20-Release|x86.ActiveCfg = SingleImage
		{8C0EC66F-2A43-4471-B3DE-07767112CA63}.Net20-Release|x86.Build.0 = SingleImage
		{8C0EC66F-2A43-4471-B3DE-07767112CA63}.Net45-Debug|Any CPU.ActiveCfg = SingleImage
		{8C0EC66F-2A43-4471-B3DE-07767112CA63}.Net45-Debug|Any CPU.Build.0 = SingleImage
		{8C0EC66F-2A43-4471-B3DE-07767112CA63}.Net45-Debug|Mixed Platforms.ActiveCfg = SingleImage
		{8C0EC66F-2A43-4471-B3DE-07767112CA63}.Net45-Debug|Mixed Platforms.Build.0 = SingleImage
		{8C0EC66F-2A43-4471-B3DE-07767112CA63}.Net45-Debug|x64.ActiveCfg = SingleImage
		{8C0EC66F-2A43-4471-B3DE-07767112CA63}.Net45-Debug|x64.Build.0 = SingleImage
		{8C0EC66F-2A43-4471-B3DE-07767112CA63}.Net45-Debug|x86.ActiveCfg = SingleImage
		{8C0EC66F-2A43-4471-B3DE-07767112CA63}.Net45-Debug|x86.Build.0 = SingleImage
		{8C0EC66F-2A43-4471-B3DE-07767112CA63}.Net45-Release|Any CPU.ActiveCfg = SingleImage
		{8C0EC66F-2A43-4471-B3DE-07767112CA63}.Net45-Release|Any CPU.Build.0 = SingleImage
		{8C0EC66F-2A43-4471-B3DE-07767112CA63}.Net45-Release|Mixed Platforms.ActiveCfg = SingleImage
		{8C0EC66F-2A43-4471-B3DE-07767112CA63}.Net45-Release|Mixed Platforms.Build.0 = SingleImage
		{8C0EC66F-2A43-4471-B3DE-07767112CA63}.Net45-Release|x64.ActiveCfg = SingleImage
		{8C0EC66F-2A43-4471-B3DE-07767112CA63}.Net45-Release|x64.Build.0 = SingleImage
		{8C0EC66F-2A43-4471-B3DE-07767112CA63}.Net45-Release|x86.ActiveCfg = SingleImage
		{8C0EC66F-2A43-4471-B3DE-07767112CA63}.Net45-Release|x86.Build.0 = SingleImage
		{8C0EC66F-2A43-4471-B3DE-07767112CA63}.Release|Any CPU.ActiveCfg = SingleImage
		{8C0EC66F-2A43-4471-B3DE-07767112CA63}.Release|Any CPU.Build.0 = SingleImage
		{8C0EC66F-2A43-4471-B3DE-07767112CA63}.Release|Mixed Platforms.ActiveCfg = SingleImage
		{8C0EC66F-2A43-4471-B3DE-07767112CA63}.Release|Mixed Platforms.Build.0 = SingleImage
		{8C0EC66F-2A43-4471-B3DE-07767112CA63}.Release|x64.ActiveCfg = SingleImage
		{8C0EC66F-2A43-4471-B3DE-07767112CA63}.Release|x64.Build.0 = SingleImage
		{8C0EC66F-2A43-4471-B3DE-07767112CA63}.Release|x86.ActiveCfg = SingleImage
		{8C0EC66F-2A43-4471-B3DE-07767112CA63}.Release|x86.Build.0 = SingleImage
		{8C0EC66F-2A43-4471-B3DE-07767112CA63}.SingleImage|Any CPU.ActiveCfg = SingleImage
		{8C0EC66F-2A43-4471-B3DE-07767112CA63}.SingleImage|Any CPU.Build.0 = SingleImage
		{8C0EC66F-2A43-4471-B3DE-07767112CA63}.SingleImage|Mixed Platforms.ActiveCfg = SingleImage
		{8C0EC66F-2A43-4471-B3DE-07767112CA63}.SingleImage|Mixed Platforms.Build.0 = SingleImage
		{8C0EC66F-2A43-4471-B3DE-07767112CA63}.SingleImage|x64.ActiveCfg = SingleImage
		{8C0EC66F-2A43-4471-B3DE-07767112CA63}.SingleImage|x64.Build.0 = SingleImage
		{8C0EC66F-2A43-4471-B3DE-07767112CA63}.SingleImage|x86.ActiveCfg = SingleImage
		{8C0EC66F-2A43-4471-B3DE-07767112CA63}.SingleImage|x86.Build.0 = SingleImage
	EndGlobalSection
	GlobalSection(SolutionProperties) = preSolution
		HideSolutionNode = FALSE
	EndGlobalSection
EndGlobal
